
Microsoft Visual Studio Solution File, Format Version 12.00
Project("{FAE04EC0-301F-11D3-BF4B-00C04F79EFBC}") = "TasksLesson", "TasksLesson\TasksLesson.csproj", "{61A5DA18-61FA-42F4-A486-2B861AF626F3}"
EndProject
Global
	GlobalSection(SolutionConfigurationPlatforms) = preSolution
		Debug|Any CPU = Debug|Any CPU
		Release|Any CPU = Release|Any CPU
	EndGlobalSection
	GlobalSection(ProjectConfigurationPlatforms) = postSolution
		{61A5DA18-61FA-42F4-A486-2B861AF626F3}.Debug|Any CPU.ActiveCfg = Debug|Any CPU
		{61A5DA18-61FA-42F4-A486-2B861AF626F3}.Debug|Any CPU.Build.0 = Debug|Any CPU
		{61A5DA18-61FA-42F4-A486-2B861AF626F3}.Release|Any CPU.ActiveCfg = Release|Any CPU
		{61A5DA18-61FA-42F4-A486-2B861AF626F3}.Release|Any CPU.Build.0 = Release|Any CPU
	EndGlobalSection
EndGlobal
